
Microsoft Visual Studio Solution File, Format Version 12.00
# Visual Studio Version 17
VisualStudioVersion = 17.9.34622.214
MinimumVisualStudioVersion = 10.0.40219.1
Project("{FAE04EC0-301F-11D3-BF4B-00C04F79EFBC}") = "XMLTask", "XMLTask.csproj", "{7BB238DC-7EF3-44FC-AEB4-6330EAF7D42B}"
EndProject
Global
	GlobalSection(SolutionConfigurationPlatforms) = preSolution
		Debug|Any CPU = Debug|Any CPU
		Release|Any CPU = Release|Any CPU
	EndGlobalSection
	GlobalSection(ProjectConfigurationPlatforms) = postSolution
		{7BB238DC-7EF3-44FC-AEB4-6330EAF7D42B}.Debug|Any CPU.ActiveCfg = Debug|Any CPU
		{7BB238DC-7EF3-44FC-AEB4-6330EAF7D42B}.Debug|Any CPU.Build.0 = Debug|Any CPU
		{7BB238DC-7EF3-44FC-AEB4-6330EAF7D42B}.Release|Any CPU.ActiveCfg = Release|Any CPU
		{7BB238DC-7EF3-44FC-AEB4-6330EAF7D42B}.Release|Any CPU.Build.0 = Release|Any CPU
	EndGlobalSection
	GlobalSection(SolutionProperties) = preSolution
		HideSolutionNode = FALSE
	EndGlobalSection
	GlobalSection(ExtensibilityGlobals) = postSolution
		SolutionGuid = {8C0DF463-35C2-4342-94DC-FBAA00C04CB1}
	EndGlobalSection
EndGlobal
